// !$*UTF8*$!
{
	archiveVersion = 1;
	classes = {
	};
	objectVersion = 50;
	objects = {

/* Begin PBXBuildFile section */
		24B47DDD2576C9EE00F706E0 /* readme.md in Resources */ = {isa = PBXBuildFile; fileRef = 24B47DDC2576C9EE00F706E0 /* readme.md */; };
		24CCC2832576A6BF001A0415 /* AppDelegate.swift in Sources */ = {isa = PBXBuildFile; fileRef = 24CCC2822576A6BF001A0415 /* AppDelegate.swift */; };
		24CCC2852576A6BF001A0415 /* GameScene.sks in Resources */ = {isa = PBXBuildFile; fileRef = 24CCC2842576A6BF001A0415 /* GameScene.sks */; };
		24CCC2872576A6BF001A0415 /* Actions.sks in Resources */ = {isa = PBXBuildFile; fileRef = 24CCC2862576A6BF001A0415 /* Actions.sks */; };
		24CCC2892576A6BF001A0415 /* GameScene.swift in Sources */ = {isa = PBXBuildFile; fileRef = 24CCC2882576A6BF001A0415 /* GameScene.swift */; };
		24CCC28B2576A6BF001A0415 /* GameViewController.swift in Sources */ = {isa = PBXBuildFile; fileRef = 24CCC28A2576A6BF001A0415 /* GameViewController.swift */; };
		24CCC28E2576A6BF001A0415 /* Main.storyboard in Resources */ = {isa = PBXBuildFile; fileRef = 24CCC28C2576A6BF001A0415 /* Main.storyboard */; };
		24CCC2902576A6C2001A0415 /* Assets.xcassets in Resources */ = {isa = PBXBuildFile; fileRef = 24CCC28F2576A6C2001A0415 /* Assets.xcassets */; };
		24CCC29B2576A6C2001A0415 /* tetrisTests.swift in Sources */ = {isa = PBXBuildFile; fileRef = 24CCC29A2576A6C2001A0415 /* tetrisTests.swift */; };
		24CCC2A62576A6C2001A0415 /* tetrisUITests.swift in Sources */ = {isa = PBXBuildFile; fileRef = 24CCC2A52576A6C2001A0415 /* tetrisUITests.swift */; };
		24CCC2B92576A8A3001A0415 /* Tetromino.swift in Sources */ = {isa = PBXBuildFile; fileRef = 24CCC2B82576A8A3001A0415 /* Tetromino.swift */; };
		24CCC2BF2576AAB2001A0415 /* SKSpriteNode+Extension.swift in Sources */ = {isa = PBXBuildFile; fileRef = 24CCC2BE2576AAB2001A0415 /* SKSpriteNode+Extension.swift */; };
		24CCC2C42576ACBB001A0415 /* Board.swift in Sources */ = {isa = PBXBuildFile; fileRef = 24CCC2C32576ACBB001A0415 /* Board.swift */; };
		24CCC2C92576BC56001A0415 /* SizeHelper.swift in Sources */ = {isa = PBXBuildFile; fileRef = 24CCC2C82576BC56001A0415 /* SizeHelper.swift */; };
/* End PBXBuildFile section */

/* Begin PBXContainerItemProxy section */
		24CCC2972576A6C2001A0415 /* PBXContainerItemProxy */ = {
			isa = PBXContainerItemProxy;
			containerPortal = 24CCC2772576A6BF001A0415 /* Project object */;
			proxyType = 1;
			remoteGlobalIDString = 24CCC27E2576A6BF001A0415;
			remoteInfo = tetris;
		};
		24CCC2A22576A6C2001A0415 /* PBXContainerItemProxy */ = {
			isa = PBXContainerItemProxy;
			containerPortal = 24CCC2772576A6BF001A0415 /* Project object */;
			proxyType = 1;
			remoteGlobalIDString = 24CCC27E2576A6BF001A0415;
			remoteInfo = tetris;
		};
/* End PBXContainerItemProxy section */

/* Begin PBXFileReference section */
		24B47DDC2576C9EE00F706E0 /* readme.md */ = {isa = PBXFileReference; fileEncoding = 4; lastKnownFileType = net.daringfireball.markdown; path = readme.md; sourceTree = "<group>"; };
		24CCC27F2576A6BF001A0415 /* tetris.app */ = {isa = PBXFileReference; explicitFileType = wrapper.application; includeInIndex = 0; path = tetris.app; sourceTree = BUILT_PRODUCTS_DIR; };
		24CCC2822576A6BF001A0415 /* AppDelegate.swift */ = {isa = PBXFileReference; lastKnownFileType = sourcecode.swift; path = AppDelegate.swift; sourceTree = "<group>"; };
		24CCC2842576A6BF001A0415 /* GameScene.sks */ = {isa = PBXFileReference; lastKnownFileType = file.sks; path = GameScene.sks; sourceTree = "<group>"; };
		24CCC2862576A6BF001A0415 /* Actions.sks */ = {isa = PBXFileReference; lastKnownFileType = file.sks; path = Actions.sks; sourceTree = "<group>"; };
		24CCC2882576A6BF001A0415 /* GameScene.swift */ = {isa = PBXFileReference; lastKnownFileType = sourcecode.swift; path = GameScene.swift; sourceTree = "<group>"; };
		24CCC28A2576A6BF001A0415 /* GameViewController.swift */ = {isa = PBXFileReference; lastKnownFileType = sourcecode.swift; path = GameViewController.swift; sourceTree = "<group>"; };
		24CCC28D2576A6BF001A0415 /* Base */ = {isa = PBXFileReference; lastKnownFileType = file.storyboard; name = Base; path = Base.lproj/Main.storyboard; sourceTree = "<group>"; };
		24CCC28F2576A6C2001A0415 /* Assets.xcassets */ = {isa = PBXFileReference; lastKnownFileType = folder.assetcatalog; path = Assets.xcassets; sourceTree = "<group>"; };
		24CCC2912576A6C2001A0415 /* Info.plist */ = {isa = PBXFileReference; lastKnownFileType = text.plist.xml; path = Info.plist; sourceTree = "<group>"; };
		24CCC2962576A6C2001A0415 /* tetrisTests.xctest */ = {isa = PBXFileReference; explicitFileType = wrapper.cfbundle; includeInIndex = 0; path = tetrisTests.xctest; sourceTree = BUILT_PRODUCTS_DIR; };
		24CCC29A2576A6C2001A0415 /* tetrisTests.swift */ = {isa = PBXFileReference; lastKnownFileType = sourcecode.swift; path = tetrisTests.swift; sourceTree = "<group>"; };
		24CCC29C2576A6C2001A0415 /* Info.plist */ = {isa = PBXFileReference; lastKnownFileType = text.plist.xml; path = Info.plist; sourceTree = "<group>"; };
		24CCC2A12576A6C2001A0415 /* tetrisUITests.xctest */ = {isa = PBXFileReference; explicitFileType = wrapper.cfbundle; includeInIndex = 0; path = tetrisUITests.xctest; sourceTree = BUILT_PRODUCTS_DIR; };
		24CCC2A52576A6C2001A0415 /* tetrisUITests.swift */ = {isa = PBXFileReference; lastKnownFileType = sourcecode.swift; path = tetrisUITests.swift; sourceTree = "<group>"; };
		24CCC2A72576A6C2001A0415 /* Info.plist */ = {isa = PBXFileReference; lastKnownFileType = text.plist.xml; path = Info.plist; sourceTree = "<group>"; };
		24CCC2B82576A8A3001A0415 /* Tetromino.swift */ = {isa = PBXFileReference; lastKnownFileType = sourcecode.swift; path = Tetromino.swift; sourceTree = "<group>"; };
		24CCC2BE2576AAB2001A0415 /* SKSpriteNode+Extension.swift */ = {isa = PBXFileReference; lastKnownFileType = sourcecode.swift; path = "SKSpriteNode+Extension.swift"; sourceTree = "<group>"; };
		24CCC2C32576ACBB001A0415 /* Board.swift */ = {isa = PBXFileReference; lastKnownFileType = sourcecode.swift; path = Board.swift; sourceTree = "<group>"; };
		24CCC2C82576BC56001A0415 /* SizeHelper.swift */ = {isa = PBXFileReference; lastKnownFileType = sourcecode.swift; path = SizeHelper.swift; sourceTree = "<group>"; };
/* End PBXFileReference section */

/* Begin PBXFrameworksBuildPhase section */
		24CCC27C2576A6BF001A0415 /* Frameworks */ = {
			isa = PBXFrameworksBuildPhase;
			buildActionMask = 2147483647;
			files = (
			);
			runOnlyForDeploymentPostprocessing = 0;
		};
		24CCC2932576A6C2001A0415 /* Frameworks */ = {
			isa = PBXFrameworksBuildPhase;
			buildActionMask = 2147483647;
			files = (
			);
			runOnlyForDeploymentPostprocessing = 0;
		};
		24CCC29E2576A6C2001A0415 /* Frameworks */ = {
			isa = PBXFrameworksBuildPhase;
			buildActionMask = 2147483647;
			files = (
			);
			runOnlyForDeploymentPostprocessing = 0;
		};
/* End PBXFrameworksBuildPhase section */

/* Begin PBXGroup section */
		24CCC2762576A6BF001A0415 = {
			isa = PBXGroup;
			children = (
				24B47DDC2576C9EE00F706E0 /* readme.md */,
				24CCC2812576A6BF001A0415 /* tetris */,
				24CCC2992576A6C2001A0415 /* tetrisTests */,
				24CCC2A42576A6C2001A0415 /* tetrisUITests */,
				24CCC2802576A6BF001A0415 /* Products */,
			);
			sourceTree = "<group>";
		};
		24CCC2802576A6BF001A0415 /* Products */ = {
			isa = PBXGroup;
			children = (
				24CCC27F2576A6BF001A0415 /* tetris.app */,
				24CCC2962576A6C2001A0415 /* tetrisTests.xctest */,
				24CCC2A12576A6C2001A0415 /* tetrisUITests.xctest */,
			);
			name = Products;
			sourceTree = "<group>";
		};
		24CCC2812576A6BF001A0415 /* tetris */ = {
			isa = PBXGroup;
			children = (
				24CCC2BD2576AA16001A0415 /* Helper */,
				24CCC2B72576A85D001A0415 /* Models */,
				24CCC2B62576A848001A0415 /* Scenes */,
				24CCC2822576A6BF001A0415 /* AppDelegate.swift */,
				24CCC2842576A6BF001A0415 /* GameScene.sks */,
				24CCC2862576A6BF001A0415 /* Actions.sks */,
				24CCC2882576A6BF001A0415 /* GameScene.swift */,
				24CCC28A2576A6BF001A0415 /* GameViewController.swift */,
				24CCC28C2576A6BF001A0415 /* Main.storyboard */,
				24CCC28F2576A6C2001A0415 /* Assets.xcassets */,
				24CCC2912576A6C2001A0415 /* Info.plist */,
			);
			path = tetris;
			sourceTree = "<group>";
		};
		24CCC2992576A6C2001A0415 /* tetrisTests */ = {
			isa = PBXGroup;
			children = (
				24CCC29A2576A6C2001A0415 /* tetrisTests.swift */,
				24CCC29C2576A6C2001A0415 /* Info.plist */,
			);
			path = tetrisTests;
			sourceTree = "<group>";
		};
		24CCC2A42576A6C2001A0415 /* tetrisUITests */ = {
			isa = PBXGroup;
			children = (
				24CCC2A52576A6C2001A0415 /* tetrisUITests.swift */,
				24CCC2A72576A6C2001A0415 /* Info.plist */,
			);
			path = tetrisUITests;
			sourceTree = "<group>";
		};
		24CCC2B62576A848001A0415 /* Scenes */ = {
			isa = PBXGroup;
			children = (
			);
			path = Scenes;
			sourceTree = "<group>";
		};
		24CCC2B72576A85D001A0415 /* Models */ = {
			isa = PBXGroup;
			children = (
				24CCC2B82576A8A3001A0415 /* Tetromino.swift */,
				24CCC2C32576ACBB001A0415 /* Board.swift */,
			);
			path = Models;
			sourceTree = "<group>";
		};
		24CCC2BD2576AA16001A0415 /* Helper */ = {
			isa = PBXGroup;
			children = (
				24CCC2BE2576AAB2001A0415 /* SKSpriteNode+Extension.swift */,
				24CCC2C82576BC56001A0415 /* SizeHelper.swift */,
			);
			path = Helper;
			sourceTree = "<group>";
		};
/* End PBXGroup section */

/* Begin PBXNativeTarget section */
		24CCC27E2576A6BF001A0415 /* tetris */ = {
			isa = PBXNativeTarget;
			buildConfigurationList = 24CCC2AA2576A6C2001A0415 /* Build configuration list for PBXNativeTarget "tetris" */;
			buildPhases = (
				24CCC27B2576A6BF001A0415 /* Sources */,
				24CCC27C2576A6BF001A0415 /* Frameworks */,
				24CCC27D2576A6BF001A0415 /* Resources */,
			);
			buildRules = (
			);
			dependencies = (
			);
			name = tetris;
			productName = tetris;
			productReference = 24CCC27F2576A6BF001A0415 /* tetris.app */;
			productType = "com.apple.product-type.application";
		};
		24CCC2952576A6C2001A0415 /* tetrisTests */ = {
			isa = PBXNativeTarget;
			buildConfigurationList = 24CCC2AD2576A6C2001A0415 /* Build configuration list for PBXNativeTarget "tetrisTests" */;
			buildPhases = (
				24CCC2922576A6C2001A0415 /* Sources */,
				24CCC2932576A6C2001A0415 /* Frameworks */,
				24CCC2942576A6C2001A0415 /* Resources */,
			);
			buildRules = (
			);
			dependencies = (
				24CCC2982576A6C2001A0415 /* PBXTargetDependency */,
			);
			name = tetrisTests;
			productName = tetrisTests;
			productReference = 24CCC2962576A6C2001A0415 /* tetrisTests.xctest */;
			productType = "com.apple.product-type.bundle.unit-test";
		};
		24CCC2A02576A6C2001A0415 /* tetrisUITests */ = {
			isa = PBXNativeTarget;
			buildConfigurationList = 24CCC2B02576A6C2001A0415 /* Build configuration list for PBXNativeTarget "tetrisUITests" */;
			buildPhases = (
				24CCC29D2576A6C2001A0415 /* Sources */,
				24CCC29E2576A6C2001A0415 /* Frameworks */,
				24CCC29F2576A6C2001A0415 /* Resources */,
			);
			buildRules = (
			);
			dependencies = (
				24CCC2A32576A6C2001A0415 /* PBXTargetDependency */,
			);
			name = tetrisUITests;
			productName = tetrisUITests;
			productReference = 24CCC2A12576A6C2001A0415 /* tetrisUITests.xctest */;
			productType = "com.apple.product-type.bundle.ui-testing";
		};
/* End PBXNativeTarget section */

/* Begin PBXProject section */
		24CCC2772576A6BF001A0415 /* Project object */ = {
			isa = PBXProject;
			attributes = {
				LastSwiftUpdateCheck = 1220;
				LastUpgradeCheck = 1220;
				TargetAttributes = {
					24CCC27E2576A6BF001A0415 = {
						CreatedOnToolsVersion = 12.2;
					};
					24CCC2952576A6C2001A0415 = {
						CreatedOnToolsVersion = 12.2;
						TestTargetID = 24CCC27E2576A6BF001A0415;
					};
					24CCC2A02576A6C2001A0415 = {
						CreatedOnToolsVersion = 12.2;
						TestTargetID = 24CCC27E2576A6BF001A0415;
					};
				};
			};
			buildConfigurationList = 24CCC27A2576A6BF001A0415 /* Build configuration list for PBXProject "tetris" */;
			compatibilityVersion = "Xcode 9.3";
			developmentRegion = en;
			hasScannedForEncodings = 0;
			knownRegions = (
				en,
				Base,
			);
			mainGroup = 24CCC2762576A6BF001A0415;
			productRefGroup = 24CCC2802576A6BF001A0415 /* Products */;
			projectDirPath = "";
			projectRoot = "";
			targets = (
				24CCC27E2576A6BF001A0415 /* tetris */,
				24CCC2952576A6C2001A0415 /* tetrisTests */,
				24CCC2A02576A6C2001A0415 /* tetrisUITests */,
			);
		};
/* End PBXProject section */

/* Begin PBXResourcesBuildPhase section */
		24CCC27D2576A6BF001A0415 /* Resources */ = {
			isa = PBXResourcesBuildPhase;
			buildActionMask = 2147483647;
			files = (
				24CCC28E2576A6BF001A0415 /* Main.storyboard in Resources */,
				24CCC2852576A6BF001A0415 /* GameScene.sks in Resources */,
				24CCC2902576A6C2001A0415 /* Assets.xcassets in Resources */,
				24B47DDD2576C9EE00F706E0 /* readme.md in Resources */,
				24CCC2872576A6BF001A0415 /* Actions.sks in Resources */,
			);
			runOnlyForDeploymentPostprocessing = 0;
		};
		24CCC2942576A6C2001A0415 /* Resources */ = {
			isa = PBXResourcesBuildPhase;
			buildActionMask = 2147483647;
			files = (
			);
			runOnlyForDeploymentPostprocessing = 0;
		};
		24CCC29F2576A6C2001A0415 /* Resources */ = {
			isa = PBXResourcesBuildPhase;
			buildActionMask = 2147483647;
			files = (
			);
			runOnlyForDeploymentPostprocessing = 0;
		};
/* End PBXResourcesBuildPhase section */

/* Begin PBXSourcesBuildPhase section */
		24CCC27B2576A6BF001A0415 /* Sources */ = {
			isa = PBXSourcesBuildPhase;
			buildActionMask = 2147483647;
			files = (
				24CCC2892576A6BF001A0415 /* GameScene.swift in Sources */,
				24CCC2C92576BC56001A0415 /* SizeHelper.swift in Sources */,
				24CCC28B2576A6BF001A0415 /* GameViewController.swift in Sources */,
				24CCC2C42576ACBB001A0415 /* Board.swift in Sources */,
				24CCC2832576A6BF001A0415 /* AppDelegate.swift in Sources */,
				24CCC2B92576A8A3001A0415 /* Tetromino.swift in Sources */,
				24CCC2BF2576AAB2001A0415 /* SKSpriteNode+Extension.swift in Sources */,
			);
			runOnlyForDeploymentPostprocessing = 0;
		};
		24CCC2922576A6C2001A0415 /* Sources */ = {
			isa = PBXSourcesBuildPhase;
			buildActionMask = 2147483647;
			files = (
				24CCC29B2576A6C2001A0415 /* tetrisTests.swift in Sources */,
			);
			runOnlyForDeploymentPostprocessing = 0;
		};
		24CCC29D2576A6C2001A0415 /* Sources */ = {
			isa = PBXSourcesBuildPhase;
			buildActionMask = 2147483647;
			files = (
				24CCC2A62576A6C2001A0415 /* tetrisUITests.swift in Sources */,
			);
			runOnlyForDeploymentPostprocessing = 0;
		};
/* End PBXSourcesBuildPhase section */

/* Begin PBXTargetDependency section */
		24CCC2982576A6C2001A0415 /* PBXTargetDependency */ = {
			isa = PBXTargetDependency;
			target = 24CCC27E2576A6BF001A0415 /* tetris */;
			targetProxy = 24CCC2972576A6C2001A0415 /* PBXContainerItemProxy */;
		};
		24CCC2A32576A6C2001A0415 /* PBXTargetDependency */ = {
			isa = PBXTargetDependency;
			target = 24CCC27E2576A6BF001A0415 /* tetris */;
			targetProxy = 24CCC2A22576A6C2001A0415 /* PBXContainerItemProxy */;
		};
/* End PBXTargetDependency section */

/* Begin PBXVariantGroup section */
		24CCC28C2576A6BF001A0415 /* Main.storyboard */ = {
			isa = PBXVariantGroup;
			children = (
				24CCC28D2576A6BF001A0415 /* Base */,
			);
			name = Main.storyboard;
			sourceTree = "<group>";
		};
/* End PBXVariantGroup section */

/* Begin XCBuildConfiguration section */
		24CCC2A82576A6C2001A0415 /* Debug */ = {
			isa = XCBuildConfiguration;
			buildSettings = {
				ALWAYS_SEARCH_USER_PATHS = NO;
				CLANG_ANALYZER_NONNULL = YES;
				CLANG_ANALYZER_NUMBER_OBJECT_CONVERSION = YES_AGGRESSIVE;
				CLANG_CXX_LANGUAGE_STANDARD = "gnu++14";
				CLANG_CXX_LIBRARY = "libc++";
				CLANG_ENABLE_MODULES = YES;
				CLANG_ENABLE_OBJC_ARC = YES;
				CLANG_ENABLE_OBJC_WEAK = YES;
				CLANG_WARN_BLOCK_CAPTURE_AUTORELEASING = YES;
				CLANG_WARN_BOOL_CONVERSION = YES;
				CLANG_WARN_COMMA = YES;
				CLANG_WARN_CONSTANT_CONVERSION = YES;
				CLANG_WARN_DEPRECATED_OBJC_IMPLEMENTATIONS = YES;
				CLANG_WARN_DIRECT_OBJC_ISA_USAGE = YES_ERROR;
				CLANG_WARN_DOCUMENTATION_COMMENTS = YES;
				CLANG_WARN_EMPTY_BODY = YES;
				CLANG_WARN_ENUM_CONVERSION = YES;
				CLANG_WARN_INFINITE_RECURSION = YES;
				CLANG_WARN_INT_CONVERSION = YES;
				CLANG_WARN_NON_LITERAL_NULL_CONVERSION = YES;
				CLANG_WARN_OBJC_IMPLICIT_RETAIN_SELF = YES;
				CLANG_WARN_OBJC_LITERAL_CONVERSION = YES;
				CLANG_WARN_OBJC_ROOT_CLASS = YES_ERROR;
				CLANG_WARN_QUOTED_INCLUDE_IN_FRAMEWORK_HEADER = YES;
				CLANG_WARN_RANGE_LOOP_ANALYSIS = YES;
				CLANG_WARN_STRICT_PROTOTYPES = YES;
				CLANG_WARN_SUSPICIOUS_MOVE = YES;
				CLANG_WARN_UNGUARDED_AVAILABILITY = YES_AGGRESSIVE;
				CLANG_WARN_UNREACHABLE_CODE = YES;
				CLANG_WARN__DUPLICATE_METHOD_MATCH = YES;
				COPY_PHASE_STRIP = NO;
				DEBUG_INFORMATION_FORMAT = dwarf;
				ENABLE_STRICT_OBJC_MSGSEND = YES;
				ENABLE_TESTABILITY = YES;
				GCC_C_LANGUAGE_STANDARD = gnu11;
				GCC_DYNAMIC_NO_PIC = NO;
				GCC_NO_COMMON_BLOCKS = YES;
				GCC_OPTIMIZATION_LEVEL = 0;
				GCC_PREPROCESSOR_DEFINITIONS = (
					"DEBUG=1",
					"$(inherited)",
				);
				GCC_WARN_64_TO_32_BIT_CONVERSION = YES;
				GCC_WARN_ABOUT_RETURN_TYPE = YES_ERROR;
				GCC_WARN_UNDECLARED_SELECTOR = YES;
				GCC_WARN_UNINITIALIZED_AUTOS = YES_AGGRESSIVE;
				GCC_WARN_UNUSED_FUNCTION = YES;
				GCC_WARN_UNUSED_VARIABLE = YES;
				IPHONEOS_DEPLOYMENT_TARGET = 14.2;
				MTL_ENABLE_DEBUG_INFO = INCLUDE_SOURCE;
				MTL_FAST_MATH = YES;
				ONLY_ACTIVE_ARCH = YES;
				SDKROOT = iphoneos;
				SWIFT_ACTIVE_COMPILATION_CONDITIONS = DEBUG;
				SWIFT_OPTIMIZATION_LEVEL = "-Onone";
			};
			name = Debug;
		};
		24CCC2A92576A6C2001A0415 /* Release */ = {
			isa = XCBuildConfiguration;
			buildSettings = {
				ALWAYS_SEARCH_USER_PATHS = NO;
				CLANG_ANALYZER_NONNULL = YES;
				CLANG_ANALYZER_NUMBER_OBJECT_CONVERSION = YES_AGGRESSIVE;
				CLANG_CXX_LANGUAGE_STANDARD = "gnu++14";
				CLANG_CXX_LIBRARY = "libc++";
				CLANG_ENABLE_MODULES = YES;
				CLANG_ENABLE_OBJC_ARC = YES;
				CLANG_ENABLE_OBJC_WEAK = YES;
				CLANG_WARN_BLOCK_CAPTURE_AUTORELEASING = YES;
				CLANG_WARN_BOOL_CONVERSION = YES;
				CLANG_WARN_COMMA = YES;
				CLANG_WARN_CONSTANT_CONVERSION = YES;
				CLANG_WARN_DEPRECATED_OBJC_IMPLEMENTATIONS = YES;
				CLANG_WARN_DIRECT_OBJC_ISA_USAGE = YES_ERROR;
				CLANG_WARN_DOCUMENTATION_COMMENTS = YES;
				CLANG_WARN_EMPTY_BODY = YES;
				CLANG_WARN_ENUM_CONVERSION = YES;
				CLANG_WARN_INFINITE_RECURSION = YES;
				CLANG_WARN_INT_CONVERSION = YES;
				CLANG_WARN_NON_LITERAL_NULL_CONVERSION = YES;
				CLANG_WARN_OBJC_IMPLICIT_RETAIN_SELF = YES;
				CLANG_WARN_OBJC_LITERAL_CONVERSION = YES;
				CLANG_WARN_OBJC_ROOT_CLASS = YES_ERROR;
				CLANG_WARN_QUOTED_INCLUDE_IN_FRAMEWORK_HEADER = YES;
				CLANG_WARN_RANGE_LOOP_ANALYSIS = YES;
				CLANG_WARN_STRICT_PROTOTYPES = YES;
				CLANG_WARN_SUSPICIOUS_MOVE = YES;
				CLANG_WARN_UNGUARDED_AVAILABILITY = YES_AGGRESSIVE;
				CLANG_WARN_UNREACHABLE_CODE = YES;
				CLANG_WARN__DUPLICATE_METHOD_MATCH = YES;
				COPY_PHASE_STRIP = NO;
				DEBUG_INFORMATION_FORMAT = "dwarf-with-dsym";
				ENABLE_NS_ASSERTIONS = NO;
				ENABLE_STRICT_OBJC_MSGSEND = YES;
				GCC_C_LANGUAGE_STANDARD = gnu11;
				GCC_NO_COMMON_BLOCKS = YES;
				GCC_WARN_64_TO_32_BIT_CONVERSION = YES;
				GCC_WARN_ABOUT_RETURN_TYPE = YES_ERROR;
				GCC_WARN_UNDECLARED_SELECTOR = YES;
				GCC_WARN_UNINITIALIZED_AUTOS = YES_AGGRESSIVE;
				GCC_WARN_UNUSED_FUNCTION = YES;
				GCC_WARN_UNUSED_VARIABLE = YES;
				IPHONEOS_DEPLOYMENT_TARGET = 14.2;
				MTL_ENABLE_DEBUG_INFO = NO;
				MTL_FAST_MATH = YES;
				SDKROOT = iphoneos;
				SWIFT_COMPILATION_MODE = wholemodule;
				SWIFT_OPTIMIZATION_LEVEL = "-O";
				VALIDATE_PRODUCT = YES;
			};
			name = Release;
		};
		24CCC2AB2576A6C2001A0415 /* Debug */ = {
			isa = XCBuildConfiguration;
			buildSettings = {
				ASSETCATALOG_COMPILER_APPICON_NAME = AppIcon;
				ASSETCATALOG_COMPILER_GLOBAL_ACCENT_COLOR_NAME = AccentColor;
				CODE_SIGN_STYLE = Automatic;
				DEVELOPMENT_TEAM = 6T98LR668F;
				INFOPLIST_FILE = tetris/Info.plist;
				LD_RUNPATH_SEARCH_PATHS = (
					"$(inherited)",
					"@executable_path/Frameworks",
				);
				PRODUCT_BUNDLE_IDENTIFIER = "de.fischers-klausi.tetris";
				PRODUCT_NAME = "$(TARGET_NAME)";
				SWIFT_VERSION = 5.0;
				TARGETED_DEVICE_FAMILY = "1,2";
			};
			name = Debug;
		};
		24CCC2AC2576A6C2001A0415 /* Release */ = {
			isa = XCBuildConfiguration;
			buildSettings = {
				ASSETCATALOG_COMPILER_APPICON_NAME = AppIcon;
				ASSETCATALOG_COMPILER_GLOBAL_ACCENT_COLOR_NAME = AccentColor;
				CODE_SIGN_STYLE = Automatic;
				DEVELOPMENT_TEAM = 6T98LR668F;
				INFOPLIST_FILE = tetris/Info.plist;
				LD_RUNPATH_SEARCH_PATHS = (
					"$(inherited)",
					"@executable_path/Frameworks",
				);
				PRODUCT_BUNDLE_IDENTIFIER = "de.fischers-klausi.tetris";
				PRODUCT_NAME = "$(TARGET_NAME)";
				SWIFT_VERSION = 5.0;
				TARGETED_DEVICE_FAMILY = "1,2";
			};
			name = Release;
		};
		24CCC2AE2576A6C2001A0415 /* Debug */ = {
			isa = XCBuildConfiguration;
			buildSettings = {
				ALWAYS_EMBED_SWIFT_STANDARD_LIBRARIES = YES;
				BUNDLE_LOADER = "$(TEST_HOST)";
				CODE_SIGN_STYLE = Automatic;
				DEVELOPMENT_TEAM = 6T98LR668F;
				INFOPLIST_FILE = tetrisTests/Info.plist;
				IPHONEOS_DEPLOYMENT_TARGET = 14.2;
				LD_RUNPATH_SEARCH_PATHS = (
					"$(inherited)",
					"@executable_path/Frameworks",
					"@loader_path/Frameworks",
				);
				PRODUCT_BUNDLE_IDENTIFIER = "de.fischers-klausi.tetrisTests";
				PRODUCT_NAME = "$(TARGET_NAME)";
				SWIFT_VERSION = 5.0;
				TARGETED_DEVICE_FAMILY = "1,2";
				TEST_HOST = "$(BUILT_PRODUCTS_DIR)/tetris.app/tetris";
			};
			name = Debug;
		};
		24CCC2AF2576A6C2001A0415 /* Release */ = {
			isa = XCBuildConfiguration;
			buildSettings = {
				ALWAYS_EMBED_SWIFT_STANDARD_LIBRARIES = YES;
				BUNDLE_LOADER = "$(TEST_HOST)";
				CODE_SIGN_STYLE = Automatic;
				DEVELOPMENT_TEAM = 6T98LR668F;
				INFOPLIST_FILE = tetrisTests/Info.plist;
				IPHONEOS_DEPLOYMENT_TARGET = 14.2;
				LD_RUNPATH_SEARCH_PATHS = (
					"$(inherited)",
					"@executable_path/Frameworks",
					"@loader_path/Frameworks",
				);
				PRODUCT_BUNDLE_IDENTIFIER = "de.fischers-klausi.tetrisTests";
				PRODUCT_NAME = "$(TARGET_NAME)";
				SWIFT_VERSION = 5.0;
				TARGETED_DEVICE_FAMILY = "1,2";
				TEST_HOST = "$(BUILT_PRODUCTS_DIR)/tetris.app/tetris";
			};
			name = Release;
		};
		24CCC2B12576A6C2001A0415 /* Debug */ = {
			isa = XCBuildConfiguration;
			buildSettings = {
				ALWAYS_EMBED_SWIFT_STANDARD_LIBRARIES = YES;
				CODE_SIGN_STYLE = Automatic;
				DEVELOPMENT_TEAM = 6T98LR668F;
				INFOPLIST_FILE = tetrisUITests/Info.plist;
				LD_RUNPATH_SEARCH_PATHS = (
					"$(inherited)",
					"@executable_path/Frameworks",
					"@loader_path/Frameworks",
				);
				PRODUCT_BUNDLE_IDENTIFIER = "de.fischers-klausi.tetrisUITests";
				PRODUCT_NAME = "$(TARGET_NAME)";
				SWIFT_VERSION = 5.0;
				TARGETED_DEVICE_FAMILY = "1,2";
				TEST_TARGET_NAME = tetris;
			};
			name = Debug;
		};
		24CCC2B22576A6C2001A0415 /* Release */ = {
			isa = XCBuildConfiguration;
			buildSettings = {
				ALWAYS_EMBED_SWIFT_STANDARD_LIBRARIES = YES;
				CODE_SIGN_STYLE = Automatic;
				DEVELOPMENT_TEAM = 6T98LR668F;
				INFOPLIST_FILE = tetrisUITests/Info.plist;
				LD_RUNPATH_SEARCH_PATHS = (
					"$(inherited)",
					"@executable_path/Frameworks",
					"@loader_path/Frameworks",
				);
				PRODUCT_BUNDLE_IDENTIFIER = "de.fischers-klausi.tetrisUITests";
				PRODUCT_NAME = "$(TARGET_NAME)";
				SWIFT_VERSION = 5.0;
				TARGETED_DEVICE_FAMILY = "1,2";
				TEST_TARGET_NAME = tetris;
			};
			name = Release;
		};
/* End XCBuildConfiguration section */

/* Begin XCConfigurationList section */
		24CCC27A2576A6BF001A0415 /* Build configuration list for PBXProject "tetris" */ = {
			isa = XCConfigurationList;
			buildConfigurations = (
				24CCC2A82576A6C2001A0415 /* Debug */,
				24CCC2A92576A6C2001A0415 /* Release */,
			);
			defaultConfigurationIsVisible = 0;
			defaultConfigurationName = Release;
		};
		24CCC2AA2576A6C2001A0415 /* Build configuration list for PBXNativeTarget "tetris" */ = {
			isa = XCConfigurationList;
			buildConfigurations = (
				24CCC2AB2576A6C2001A0415 /* Debug */,
				24CCC2AC2576A6C2001A0415 /* Release */,
			);
			defaultConfigurationIsVisible = 0;
			defaultConfigurationName = Release;
		};
		24CCC2AD2576A6C2001A0415 /* Build configuration list for PBXNativeTarget "tetrisTests" */ = {
			isa = XCConfigurationList;
			buildConfigurations = (
				24CCC2AE2576A6C2001A0415 /* Debug */,
				24CCC2AF2576A6C2001A0415 /* Release */,
			);
			defaultConfigurationIsVisible = 0;
			defaultConfigurationName = Release;
		};
		24CCC2B02576A6C2001A0415 /* Build configuration list for PBXNativeTarget "tetrisUITests" */ = {
			isa = XCConfigurationList;
			buildConfigurations = (
				24CCC2B12576A6C2001A0415 /* Debug */,
				24CCC2B22576A6C2001A0415 /* Release */,
			);
			defaultConfigurationIsVisible = 0;
			defaultConfigurationName = Release;
		};
/* End XCConfigurationList section */
	};
	rootObject = 24CCC2772576A6BF001A0415 /* Project object */;
}
